{
  "name": "@strix/client",
  "version": "0.0.4",
  "lockfileVersion": 3,
  "requires": true,
  "packages": {
    "": {
      "name": "@strix/client",
      "version": "0.0.4",
      "license": "MIT",
      "dependencies": {
        "@ihasq/random": "npm:@jsr/ihasq__random@^0.1.5"
      }
    },
    "node_modules/@ihasq/random": {
      "name": "@jsr/ihasq__random",
      "version": "0.1.5",
      "resolved": "https://npm.jsr.io/~/11/@jsr/ihasq__random/0.1.5.tgz",
      "integrity": "sha512-4RN89gHVDIUZIv45ffhTEqifZ2ZWGjf/sJh35LzRMhj3dOeMjqo2gBZ0Vuf4xqGJqGLxrUtIdDh3gluhDNu6sg=="
    }
  }
}
