{
	"name": "strix-std",
	"version": "0.0.7",
	"lockfileVersion": 3,
	"requires": true,
	"packages": {
		"": {
			"name": "strix-std",
			"version": "0.0.7",
			"license": "MIT",
			"dependencies": {
				"@strix/core": "npm:@jsr/strix__core@^0.0.9"
			}
		},
		"node_modules/@strix/core": {
			"name": "@jsr/strix__core",
			"version": "0.0.9",
			"resolved": "https://npm.jsr.io/~/11/@jsr/strix__core/0.0.9.tgz",
			"integrity": "sha512-Wa7KGg4iqDoPQ4hsXam8OAPHlt9bLc7GglhYSd3U4OWOo/Nu9bfnOuG1r/82NEMWe5uHhuA9wfH7tUJkEvIwTA=="
		}
	}
}
