{
	"name": "strix-std",
	"version": "0.0.7",
	"lockfileVersion": 3,
	"requires": true,
	"packages": {
		"": {
			"name": "strix-std",
			"version": "0.0.7",
			"license": "MIT",
			"dependencies": {
				"@strix/core": "npm:@jsr/strix__core@^0.0.7"
			}
		},
		"node_modules/@strix/core": {
			"name": "@jsr/strix__core",
			"version": "0.0.7",
			"resolved": "https://npm.jsr.io/~/11/@jsr/strix__core/0.0.7.tgz",
			"integrity": "sha512-J6poj5MQ7GzJxxN0RkXHw+VTpUma+sZubwOTNYo9Qa+eOn5CJlkK8cP1qf9+HXDpMHXKDyTt42UUVJeqx2wDtA=="
		}
	}
}
