{
	"name": "strix-std",
	"version": "0.0.7",
	"lockfileVersion": 3,
	"requires": true,
	"packages": {
		"": {
			"name": "strix-std",
			"version": "0.0.7",
			"license": "MIT",
			"dependencies": {
				"@strix/core": "npm:@jsr/strix__core@^0.0.15"
			}
		},
		"node_modules/@strix/core": {
			"name": "@jsr/strix__core",
			"version": "0.0.15",
			"resolved": "https://npm.jsr.io/~/11/@jsr/strix__core/0.0.15.tgz",
			"integrity": "sha512-YJD5ZdTm+zPcoeyCv/P8xe/xzN+m+CslmDUuVHor0kZkMgAp1cgQDa1mFRRwLwptjrny/oxKgYIPpBBx7GzqrA=="
		}
	}
}
