{
  "name": "test",
  "lockfileVersion": 3,
  "requires": true,
  "packages": {
    "": {
      "dependencies": {
        "@strix/attr": "npm:@jsr/strix__attr@^0.0.7",
        "@strix/client": "npm:@jsr/strix__client@^0.1.8",
        "@strix/std": "npm:@jsr/strix__std@^0.1.7"
      }
    },
    "node_modules/@jsr/ihasq__random": {
      "version": "0.1.6",
      "resolved": "https://npm.jsr.io/~/11/@jsr/ihasq__random/0.1.6.tgz",
      "integrity": "sha512-WnLKA16UHJXWqK4ygrI6q1HAn/MAdWBwngFlxQ+g5V6Hq/7GZzA46yW/3KiJz3jU94C/Cps5EMd1LQPkhXHI9w=="
    },
    "node_modules/@jsr/strix__core": {
      "version": "0.0.5",
      "resolved": "https://npm.jsr.io/~/11/@jsr/strix__core/0.0.5.tgz",
      "integrity": "sha512-jA3qrVc00oKUOPbT4pU6fYqVsJtAvg91K0q0ux6BZ+rJJqeZn8H5zc7gYXUbo1mG4vKp96g6H5mqC3Kqg0n2YQ=="
    },
    "node_modules/@jsr/strix__std": {
      "version": "0.1.3",
      "resolved": "https://npm.jsr.io/~/11/@jsr/strix__std/0.1.3.tgz",
      "integrity": "sha512-h2fhLe+bXI1IIj5bhpPZFsqkXseMpuOtt5PoVn19m815DYoDsNXovKyRVzj959a+sZAinjLQ+lrum49G/UbdCQ==",
      "dependencies": {
        "@jsr/ihasq__random": "0.1.6"
      }
    },
    "node_modules/@strix/attr": {
      "name": "@jsr/strix__attr",
      "version": "0.0.7",
      "resolved": "https://npm.jsr.io/~/11/@jsr/strix__attr/0.0.7.tgz",
      "integrity": "sha512-iYYur3fgxASBlm1IQxM0QdJ/iuACpi+4ax24iqNNphvZCjd8Fr84dcg2+pud58DNpwBZNr6A2dJF3bzU2Z0v4w==",
      "dependencies": {
        "@jsr/strix__std": "0.1.3"
      }
    },
    "node_modules/@strix/client": {
      "name": "@jsr/strix__client",
      "version": "0.1.8",
      "resolved": "https://npm.jsr.io/~/11/@jsr/strix__client/0.1.8.tgz",
      "integrity": "sha512-hEpjCAo0RrufLnEyJ5azu/gIfVEJsJQerqK1eSrUQxetMqr3inAToFky25pUOdlr6TmGWU11KFh03pgkYlT94w==",
      "dependencies": {
        "@jsr/ihasq__random": "0.1.6"
      }
    },
    "node_modules/@strix/std": {
      "name": "@jsr/strix__std",
      "version": "0.1.7",
      "resolved": "https://npm.jsr.io/~/11/@jsr/strix__std/0.1.7.tgz",
      "integrity": "sha512-71ImTyf2C5xx22L1ag2hHJptMTHw6vFxJpCN0zxxNoXaBzU2Hre+++mc9qSi5hoTnDGxLkKujPqXSQDvCvNV3g==",
      "dependencies": {
        "@jsr/ihasq__random": "0.1.6",
        "@jsr/strix__core": "0.0.5"
      }
    }
  }
}
