{
  "name": "attr",
  "lockfileVersion": 3,
  "requires": true,
  "packages": {
    "": {
      "dependencies": {
        "@strix/std": "npm:@jsr/strix__std@^0.1.10"
      }
    },
    "node_modules/@jsr/strix__core": {
      "version": "0.0.8",
      "resolved": "https://npm.jsr.io/~/11/@jsr/strix__core/0.0.8.tgz",
      "integrity": "sha512-rNhYBZr3RqzWarxK8GVtDyKizGqET2qGEqCEm3rsmMZTv5l193gFG5CYqxxkXS4xyPMfRqEUb7ZYuywu8HW69Q=="
    },
    "node_modules/@strix/std": {
      "name": "@jsr/strix__std",
      "version": "0.1.10",
      "resolved": "https://npm.jsr.io/~/11/@jsr/strix__std/0.1.10.tgz",
      "integrity": "sha512-A8bSWIex5EdEQbEiXYX4FN7ZxLHLEpAufwhlpJZi5kVBBdElMH5ZB6iV9kVSpufxJqQOiYXwmCphYnCNQ77Trw==",
      "dependencies": {
        "@jsr/strix__core": "0.0.8"
      }
    }
  }
}
