{
	"name": "attr",
	"lockfileVersion": 3,
	"requires": true,
	"packages": {
		"": {
			"dependencies": {
				"@ihasq/esptr": "npm:@jsr/ihasq__esptr@^0.1.9"
			}
		},
		"node_modules/@ihasq/esptr": {
			"name": "@jsr/ihasq__esptr",
			"version": "0.1.9",
			"resolved": "https://npm.jsr.io/~/11/@jsr/ihasq__esptr/0.1.9.tgz",
			"integrity": "sha512-yiuP4IeHAOVCoPelCQjCICZGuWWxGkFsPId0sroRBz9IPSjgHqA7K9j/RVqmHmgAGoTyFabL30ahg8uqC86NNg==",
			"dependencies": {
				"@jsr/ihasq__random": "0.1.6"
			}
		},
		"node_modules/@jsr/ihasq__random": {
			"version": "0.1.6",
			"resolved": "https://npm.jsr.io/~/11/@jsr/ihasq__random/0.1.6.tgz",
			"integrity": "sha512-WnLKA16UHJXWqK4ygrI6q1HAn/MAdWBwngFlxQ+g5V6Hq/7GZzA46yW/3KiJz3jU94C/Cps5EMd1LQPkhXHI9w=="
		}
	}
}
