{
  "name": "attr",
  "lockfileVersion": 3,
  "requires": true,
  "packages": {
    "": {
      "dependencies": {
        "@ihasq/esptr": "npm:@jsr/ihasq__esptr@^0.1.18"
      }
    },
    "node_modules/@ihasq/esptr": {
      "name": "@jsr/ihasq__esptr",
      "version": "0.1.18",
      "resolved": "https://npm.jsr.io/~/11/@jsr/ihasq__esptr/0.1.18.tgz",
      "integrity": "sha512-Yp2+CIxMh9E8EYn0nwavdo1LdzZdeCzyhYQTG7ukrnLjrIfZmZzXepO59VvqFAiOM0D14x0CEAo3gYRgSBGj1Q==",
      "dependencies": {
        "@jsr/ihasq__random": "0.1.6"
      }
    },
    "node_modules/@jsr/ihasq__random": {
      "version": "0.1.6",
      "resolved": "https://npm.jsr.io/~/11/@jsr/ihasq__random/0.1.6.tgz",
      "integrity": "sha512-WnLKA16UHJXWqK4ygrI6q1HAn/MAdWBwngFlxQ+g5V6Hq/7GZzA46yW/3KiJz3jU94C/Cps5EMd1LQPkhXHI9w=="
    }
  }
}
