{
	"name": "app",
	"version": "0.0.1",
	"lockfileVersion": 3,
	"requires": true,
	"packages": {
		"": {
			"name": "app",
			"version": "0.0.1",
			"dependencies": {
				"@strix/client": "npm:@jsr/strix__client@^0.0.2",
				"@strix/std": "npm:@jsr/strix__std@^0.0.3"
			}
		},
		"node_modules/@strix/client": {
			"name": "@jsr/strix__client",
			"version": "0.0.2",
			"resolved": "https://npm.jsr.io/~/11/@jsr/strix__client/0.0.2.tgz",
			"integrity": "sha512-I8LVuZIht1ANQVqptQwQs1H44DEoUC7OJfupslAbGdtmp+QryQuY/+UkWsbg5+fx8rjRfU2i5YVUTIZYWEKEYw=="
		},
		"node_modules/@strix/std": {
			"name": "@jsr/strix__std",
			"version": "0.0.3",
			"resolved": "https://npm.jsr.io/~/11/@jsr/strix__std/0.0.3.tgz",
			"integrity": "sha512-zOItJ7huArah4iqLNRVG/UX8Y5wSrTjWHRWrKoouSz+BGqcJEMwzIHgf96Ltq5d/IhBR7JqsKyE7BUwQGBiJMw=="
		}
	}
}
