{
  "name": "strix-new",
  "lockfileVersion": 3,
  "requires": true,
  "packages": {
    "": {
      "name": "strix-new",
      "dependencies": {
        "@clack/prompts": "^0.7.0",
        "@std/fs": "npm:@jsr/std__fs@^1.0.3",
        "@strix/attr": "npm:@jsr/strix__attr@^0.0.6",
        "@strix/client": "npm:@jsr/strix__client@^0.1.5",
        "@strix/std": "npm:@jsr/strix__std@^0.1.4"
      },
      "bin": {
        "strix-new": "main.js"
      }
    },
    "node_modules/@clack/core": {
      "version": "0.3.4",
      "resolved": "https://registry.npmjs.org/@clack/core/-/core-0.3.4.tgz",
      "integrity": "sha512-H4hxZDXgHtWTwV3RAVenqcC4VbJZNegbBjlPvzOzCouXtS2y3sDvlO3IsbrPNWuLWPPlYVYPghQdSF64683Ldw==",
      "license": "MIT",
      "dependencies": {
        "picocolors": "^1.0.0",
        "sisteransi": "^1.0.5"
      }
    },
    "node_modules/@clack/prompts": {
      "version": "0.7.0",
      "resolved": "https://registry.npmjs.org/@clack/prompts/-/prompts-0.7.0.tgz",
      "integrity": "sha512-0MhX9/B4iL6Re04jPrttDm+BsP8y6mS7byuv0BvXgdXhbV5PdlsHt55dvNsuBCPZ7xq1oTAOOuotR9NFbQyMSA==",
      "bundleDependencies": [
        "is-unicode-supported"
      ],
      "license": "MIT",
      "dependencies": {
        "@clack/core": "^0.3.3",
        "is-unicode-supported": "*",
        "picocolors": "^1.0.0",
        "sisteransi": "^1.0.5"
      }
    },
    "node_modules/@clack/prompts/node_modules/is-unicode-supported": {
      "version": "1.3.0",
      "inBundle": true,
      "license": "MIT",
      "engines": {
        "node": ">=12"
      },
      "funding": {
        "url": "https://github.com/sponsors/sindresorhus"
      }
    },
    "node_modules/@jsr/ihasq__random": {
      "version": "0.1.6",
      "resolved": "https://npm.jsr.io/~/11/@jsr/ihasq__random/0.1.6.tgz",
      "integrity": "sha512-WnLKA16UHJXWqK4ygrI6q1HAn/MAdWBwngFlxQ+g5V6Hq/7GZzA46yW/3KiJz3jU94C/Cps5EMd1LQPkhXHI9w=="
    },
    "node_modules/@jsr/std__path": {
      "version": "1.0.6",
      "resolved": "https://npm.jsr.io/~/11/@jsr/std__path/1.0.6.tgz",
      "integrity": "sha512-A8WmQshHm5W5jN1OO24qH0VHWVv6vvmUzJiODKvvIUW1jNGVf04b86b9XWMoZPwlMEHq1mGgxWN9AuXY0CY2yg=="
    },
    "node_modules/@jsr/strix__std": {
      "version": "0.1.3",
      "resolved": "https://npm.jsr.io/~/11/@jsr/strix__std/0.1.3.tgz",
      "integrity": "sha512-h2fhLe+bXI1IIj5bhpPZFsqkXseMpuOtt5PoVn19m815DYoDsNXovKyRVzj959a+sZAinjLQ+lrum49G/UbdCQ==",
      "dependencies": {
        "@jsr/ihasq__random": "0.1.6"
      }
    },
    "node_modules/@std/fs": {
      "name": "@jsr/std__fs",
      "version": "1.0.3",
      "resolved": "https://npm.jsr.io/~/11/@jsr/std__fs/1.0.3.tgz",
      "integrity": "sha512-g0d1Nog9IEZy8S2JtPfOD5aSKyZ67khZBcGg4M9yY/uIxku0BYdgQCJWcIDWyfMsGl8pH/d+fX1tyZBvV6KeFA==",
      "dependencies": {
        "@jsr/std__path": "^1.0.4"
      }
    },
    "node_modules/@strix/attr": {
      "name": "@jsr/strix__attr",
      "version": "0.0.6",
      "resolved": "https://npm.jsr.io/~/11/@jsr/strix__attr/0.0.6.tgz",
      "integrity": "sha512-+A7jg6nQajH2gJ8oBF5WaYmiDcg0DiLx5A2K1cCgI0aLIgdj98XMj/I8Ei8R6ZF/Ayrv4W7g7ThjqM8zGc5V/A==",
      "dependencies": {
        "@jsr/strix__std": "0.1.3"
      }
    },
    "node_modules/@strix/client": {
      "name": "@jsr/strix__client",
      "version": "0.1.5",
      "resolved": "https://npm.jsr.io/~/11/@jsr/strix__client/0.1.5.tgz",
      "integrity": "sha512-CVMKZoII6aclb2wc5XlISJZhMHSsHAbXvRkDD7zZXTmkKiokMMvmTRm00BQ7SzlYKgT/biIysfE+hqbu+s2pAg==",
      "dependencies": {
        "@jsr/ihasq__random": "0.1.6"
      }
    },
    "node_modules/@strix/std": {
      "name": "@jsr/strix__std",
      "version": "0.1.4",
      "resolved": "https://npm.jsr.io/~/11/@jsr/strix__std/0.1.4.tgz",
      "integrity": "sha512-49CW4xr1+GuWBMrRHvu6Y+L4TAjGune1+i3V4ymu91D4Sb2AKi24BIYuiZ9pv76zm7TQVtINYhVJaq6i0l+wKw==",
      "dependencies": {
        "@jsr/ihasq__random": "0.1.6"
      }
    },
    "node_modules/picocolors": {
      "version": "1.1.0",
      "resolved": "https://registry.npmjs.org/picocolors/-/picocolors-1.1.0.tgz",
      "integrity": "sha512-TQ92mBOW0l3LeMeyLV6mzy/kWr8lkd/hp3mTg7wYK7zJhuBStmGMBG0BdeDZS/dZx1IukaX6Bk11zcln25o1Aw==",
      "license": "ISC"
    },
    "node_modules/sisteransi": {
      "version": "1.0.5",
      "resolved": "https://registry.npmjs.org/sisteransi/-/sisteransi-1.0.5.tgz",
      "integrity": "sha512-bLGGlR1QxBcynn2d5YmDX4MGjlZvy2MRBDRNHLJ8VI6l6+9FUiyTFNJ0IveOSP0bcXgVDPRcfGqA0pjaqUpfVg==",
      "license": "MIT"
    }
  }
}
