{
  "name": "hello",
  "version": "0.0.1",
  "lockfileVersion": 3,
  "requires": true,
  "packages": {
    "": {
      "name": "hello",
      "version": "0.0.1",
      "license": "MIT",
      "dependencies": {
        "@strix/std": "npm:@jsr/strix__std@^0.0.14"
      }
    },
    "node_modules/@jsr/ihasq__esptr": {
      "version": "0.1.3",
      "resolved": "https://npm.jsr.io/~/11/@jsr/ihasq__esptr/0.1.3.tgz",
      "integrity": "sha512-CMi99tJYy+fHwpLfk6MWUzqQfxmnph5wYfbOcu/C6JZfWKW+VyJXmaUdK9t7ZFstzkzLEjGeDpcpWPqXZ76d3A=="
    },
    "node_modules/@strix/std": {
      "name": "@jsr/strix__std",
      "version": "0.0.14",
      "resolved": "https://npm.jsr.io/~/11/@jsr/strix__std/0.0.14.tgz",
      "integrity": "sha512-9E/SeVSdpuSHyMdgxpAvZyakwq67NfD0i9rzzc5Fh3jS2GZPVw0rRlmjPo/kVMP42pRkMVrY7gr5VYoSW5P7fw==",
      "dependencies": {
        "@jsr/ihasq__esptr": "0.1.3"
      }
    }
  }
}
