{
  "name": "strix-std",
  "version": "0.0.1",
  "lockfileVersion": 3,
  "requires": true,
  "packages": {
    "": {
      "name": "strix-std",
      "version": "0.0.1",
      "license": "MIT",
      "dependencies": {
        "@ihasq/esptr": "npm:@jsr/ihasq__esptr@^0.1.6",
        "@strix/core": "npm:@jsr/strix__core@^0.0.2"
      }
    },
    "node_modules/@ihasq/esptr": {
      "name": "@jsr/ihasq__esptr",
      "version": "0.1.6",
      "resolved": "https://npm.jsr.io/~/11/@jsr/ihasq__esptr/0.1.6.tgz",
      "integrity": "sha512-Fm/X6xg6fWb+J1Pp6gr6JWA7LELct4dLLG/whMmadvMtte4BDb+4Q2peXwpLJWS91fSa0TQa2DiqXsriGwss0A==",
      "dependencies": {
        "@jsr/ihasq__random": "^0.1.5"
      }
    },
    "node_modules/@jsr/ihasq__random": {
      "version": "0.1.5",
      "resolved": "https://npm.jsr.io/~/11/@jsr/ihasq__random/0.1.5.tgz",
      "integrity": "sha512-4RN89gHVDIUZIv45ffhTEqifZ2ZWGjf/sJh35LzRMhj3dOeMjqo2gBZ0Vuf4xqGJqGLxrUtIdDh3gluhDNu6sg=="
    },
    "node_modules/@strix/core": {
      "name": "@jsr/strix__core",
      "version": "0.0.2",
      "resolved": "https://npm.jsr.io/~/11/@jsr/strix__core/0.0.2.tgz",
      "integrity": "sha512-tMgclDFuEJEyPhaRU3529f+OjE5e/xHjZtZt+vLnNbS024Fizyy4Bg16fEzZy2ci1juCO4uShmQNCWPhuo/1BQ=="
    }
  }
}
