{
  "name": "strix-std",
  "version": "0.0.7",
  "lockfileVersion": 3,
  "requires": true,
  "packages": {
    "": {
      "name": "strix-std",
      "version": "0.0.7",
      "license": "MIT",
      "dependencies": {
        "@ihasq/esptr": "npm:@jsr/ihasq__esptr@^0.1.8",
        "@ihasq/random": "npm:@jsr/ihasq__random@^0.1.6",
        "@strix/core": "npm:@jsr/strix__core@^0.0.2"
      }
    },
    "node_modules/@ihasq/esptr": {
      "name": "@jsr/ihasq__esptr",
      "version": "0.1.8",
      "resolved": "https://npm.jsr.io/~/11/@jsr/ihasq__esptr/0.1.8.tgz",
      "integrity": "sha512-iGLo8f7KQIIS7UslP9oLXRun/UQ1KQ9Rwl7WL3mbqa2bWufIKYmmSGm5eqip4LMeZkPQG6BWVUYXz/yu0sq34Q==",
      "dependencies": {
        "@jsr/ihasq__random": "0.1.6"
      }
    },
    "node_modules/@ihasq/random": {
      "name": "@jsr/ihasq__random",
      "version": "0.1.6",
      "resolved": "https://npm.jsr.io/~/11/@jsr/ihasq__random/0.1.6.tgz",
      "integrity": "sha512-WnLKA16UHJXWqK4ygrI6q1HAn/MAdWBwngFlxQ+g5V6Hq/7GZzA46yW/3KiJz3jU94C/Cps5EMd1LQPkhXHI9w=="
    },
    "node_modules/@jsr/ihasq__random": {
      "version": "0.1.6",
      "resolved": "https://npm.jsr.io/~/11/@jsr/ihasq__random/0.1.6.tgz",
      "integrity": "sha512-WnLKA16UHJXWqK4ygrI6q1HAn/MAdWBwngFlxQ+g5V6Hq/7GZzA46yW/3KiJz3jU94C/Cps5EMd1LQPkhXHI9w=="
    },
    "node_modules/@strix/core": {
      "name": "@jsr/strix__core",
      "version": "0.0.2",
      "resolved": "https://npm.jsr.io/~/11/@jsr/strix__core/0.0.2.tgz",
      "integrity": "sha512-tMgclDFuEJEyPhaRU3529f+OjE5e/xHjZtZt+vLnNbS024Fizyy4Bg16fEzZy2ci1juCO4uShmQNCWPhuo/1BQ=="
    }
  }
}
