{
	"name": "strix-client",
	"version": "0.0.8",
	"lockfileVersion": 3,
	"requires": true,
	"packages": {
		"": {
			"name": "strix-client",
			"version": "0.0.8",
			"license": "MIT",
			"dependencies": {
				"@strix/core": "npm:@jsr/strix__core@^0.0.19"
			}
		},
		"node_modules/@strix/core": {
			"name": "@jsr/strix__core",
			"version": "0.0.19",
			"resolved": "https://npm.jsr.io/~/11/@jsr/strix__core/0.0.19.tgz",
			"integrity": "sha512-fKBSZiJuNrbKNKEZtWLdxDnLg1EyUUese4c12pgnN5picp74Xw/Hz8pUUHN1FQ/QjVaUuYiZ6Hfr0az+3KnhCQ=="
		}
	}
}
