{
  "name": "@strix/client",
  "version": "0.0.3",
  "lockfileVersion": 3,
  "requires": true,
  "packages": {
    "": {
      "name": "@strix/client",
      "version": "0.0.3",
      "license": "MIT",
      "dependencies": {
        "@strix/core": "npm:@jsr/strix__core@^0.0.1"
      }
    },
    "node_modules/@strix/core": {
      "name": "@jsr/strix__core",
      "version": "0.0.1",
      "resolved": "https://npm.jsr.io/~/11/@jsr/strix__core/0.0.1.tgz",
      "integrity": "sha512-g4zf9K3o8K0pqxW9pZAsSBBln+Eae2NGM17Ch3ec5RcWj7Mi2YgIrP7H4tG5BcDMVljaL3ySjtpESo4Su9qbFQ=="
    }
  }
}
