{
	"name": "strix-client",
	"version": "0.0.8",
	"lockfileVersion": 3,
	"requires": true,
	"packages": {
		"": {
			"name": "strix-client",
			"version": "0.0.8",
			"license": "MIT",
			"dependencies": {
				"@strix/core": "npm:@jsr/strix__core@^0.0.11"
			}
		},
		"node_modules/@strix/core": {
			"name": "@jsr/strix__core",
			"version": "0.0.11",
			"resolved": "https://npm.jsr.io/~/11/@jsr/strix__core/0.0.11.tgz",
			"integrity": "sha512-bNhWOrAWcVyFFH14yOAXbCxJm6xqnQS35ru91WFemv7QBePnSh6Ua089eRtHhfBPqjNJhbefPLS2TKS/IFfjyw=="
		}
	}
}
