{
  "name": "@strix/std",
  "version": "0.0.6",
  "lockfileVersion": 3,
  "requires": true,
  "packages": {
    "": {
      "name": "@strix/std",
      "version": "0.0.6",
      "license": "MIT",
      "dependencies": {
        "@ihasq/esptr": "npm:@jsr/ihasq__esptr@^0.1.0",
        "@strix/core": "npm:@jsr/strix__core@^0.0.2"
      }
    },
    "node_modules/@ihasq/esptr": {
      "name": "@jsr/ihasq__esptr",
      "version": "0.1.0",
      "resolved": "https://npm.jsr.io/~/11/@jsr/ihasq__esptr/0.1.0.tgz",
      "integrity": "sha512-MlABTGEpTAdSXLxRG+vnkSicB45828cQfoUvZ8koLM8PqliCRGNuiuRoOuOW3jb8grVdcKIwjhuKk9mJrPvSvQ=="
    },
    "node_modules/@strix/core": {
      "name": "@jsr/strix__core",
      "version": "0.0.2",
      "resolved": "https://npm.jsr.io/~/11/@jsr/strix__core/0.0.2.tgz",
      "integrity": "sha512-tMgclDFuEJEyPhaRU3529f+OjE5e/xHjZtZt+vLnNbS024Fizyy4Bg16fEzZy2ci1juCO4uShmQNCWPhuo/1BQ=="
    }
  }
}
